
Microsoft Visual Studio Solution File, Format Version 12.00
# Visual Studio Version 17
VisualStudioVersion = 17.10.34818.151
MinimumVisualStudioVersion = 10.0.40219.1
Project("{9A19103F-16F7-4668-BE54-9A1E7A4F7556}") = "LibraryManagementSystem.Domain", "LibraryManagementSystem.Domain\LibraryManagementSystem.Domain.csproj", "{3913F9B6-5CFC-4B5A-9DEF-DB99EC616335}"
EndProject
Project("{2150E333-8FDC-42A3-9474-1A3956D46DE8}") = "Solution Items", "Solution Items", "{2812ECF2-23BE-4CDA-B9EE-02D95ACE280A}"
	ProjectSection(SolutionItems) = preProject
		.editorconfig = .editorconfig
	EndProjectSection
EndProject
Project("{9A19103F-16F7-4668-BE54-9A1E7A4F7556}") = "LibraryManagementSystem.Api", "LibraryManagementSystem.Api\LibraryManagementSystem.Api.csproj", "{B4386B72-897E-435E-94B9-5647D63FA836}"
EndProject
Project("{FAE04EC0-301F-11D3-BF4B-00C04F79EFBC}") = "LibraryManagementSystem.DbMigration", "LibraryManagementSystem.DbMigration\LibraryManagementSystem.DbMigration.csproj", "{8E724FF7-5522-4E60-B38E-92DCB878B7E2}"
EndProject
Global
	GlobalSection(SolutionConfigurationPlatforms) = preSolution
		Debug|Any CPU = Debug|Any CPU
		Release|Any CPU = Release|Any CPU
	EndGlobalSection
	GlobalSection(ProjectConfigurationPlatforms) = postSolution
		{3913F9B6-5CFC-4B5A-9DEF-DB99EC616335}.Debug|Any CPU.ActiveCfg = Debug|Any CPU
		{3913F9B6-5CFC-4B5A-9DEF-DB99EC616335}.Debug|Any CPU.Build.0 = Debug|Any CPU
		{3913F9B6-5CFC-4B5A-9DEF-DB99EC616335}.Release|Any CPU.ActiveCfg = Release|Any CPU
		{3913F9B6-5CFC-4B5A-9DEF-DB99EC616335}.Release|Any CPU.Build.0 = Release|Any CPU
		{B4386B72-897E-435E-94B9-5647D63FA836}.Debug|Any CPU.ActiveCfg = Debug|Any CPU
		{B4386B72-897E-435E-94B9-5647D63FA836}.Debug|Any CPU.Build.0 = Debug|Any CPU
		{B4386B72-897E-435E-94B9-5647D63FA836}.Release|Any CPU.ActiveCfg = Release|Any CPU
		{B4386B72-897E-435E-94B9-5647D63FA836}.Release|Any CPU.Build.0 = Release|Any CPU
		{8E724FF7-5522-4E60-B38E-92DCB878B7E2}.Debug|Any CPU.ActiveCfg = Debug|Any CPU
		{8E724FF7-5522-4E60-B38E-92DCB878B7E2}.Debug|Any CPU.Build.0 = Debug|Any CPU
		{8E724FF7-5522-4E60-B38E-92DCB878B7E2}.Release|Any CPU.ActiveCfg = Release|Any CPU
		{8E724FF7-5522-4E60-B38E-92DCB878B7E2}.Release|Any CPU.Build.0 = Release|Any CPU
	EndGlobalSection
	GlobalSection(SolutionProperties) = preSolution
		HideSolutionNode = FALSE
	EndGlobalSection
	GlobalSection(ExtensibilityGlobals) = postSolution
		SolutionGuid = {45665847-DFA5-47CD-A262-DF4ACCA686B2}
	EndGlobalSection
EndGlobal
